{
  "requires": true,
  "lockfileVersion": 1,
  "dependencies": {
    "circomlib": {
      "version": "2.0.2",
      "resolved": "https://registry.npmjs.org/circomlib/-/circomlib-2.0.2.tgz",
      "integrity": "sha512-hg6HnKAqAhx1NZc5kXuDOOgyOZYa6TQIKbITnuY7dgvBtIFPWh5aNRJhNUBrxrx+wHX3sZvhu0igmFKfaXoLsQ=="
    }
  }
}
